// !$*UTF8*$!
{
	archiveVersion = 1;
	classes = {
	};
	objectVersion = 46;
	objects = {

/* Begin PBXBuildFile section */
		4E7863571D3E8CF100CD9B8B /* AppDelegate.swift in Sources */ = {isa = PBXBuildFile; fileRef = 4E7863561D3E8CF100CD9B8B /* AppDelegate.swift */; };
		4E7863591D3E8CF100CD9B8B /* ViewController.swift in Sources */ = {isa = PBXBuildFile; fileRef = 4E7863581D3E8CF100CD9B8B /* ViewController.swift */; };
		4E78635C1D3E8CF100CD9B8B /* Main.storyboard in Resources */ = {isa = PBXBuildFile; fileRef = 4E78635A1D3E8CF100CD9B8B /* Main.storyboard */; };
		4E78635E1D3E8CF100CD9B8B /* Assets.xcassets in Resources */ = {isa = PBXBuildFile; fileRef = 4E78635D1D3E8CF100CD9B8B /* Assets.xcassets */; };
		4E7863611D3E8CF100CD9B8B /* LaunchScreen.storyboard in Resources */ = {isa = PBXBuildFile; fileRef = 4E78635F1D3E8CF100CD9B8B /* LaunchScreen.storyboard */; };
		4E78636A1D3E924300CD9B8B /* TravelLocationsMapVC.swift in Sources */ = {isa = PBXBuildFile; fileRef = 4E7863691D3E924300CD9B8B /* TravelLocationsMapVC.swift */; };
		4E78636D1D3EA20D00CD9B8B /* CoreDataStack.swift in Sources */ = {isa = PBXBuildFile; fileRef = 4E78636C1D3EA20D00CD9B8B /* CoreDataStack.swift */; };
		4E7863701D3EA27800CD9B8B /* Model.xcdatamodeld in Sources */ = {isa = PBXBuildFile; fileRef = 4E78636E1D3EA27800CD9B8B /* Model.xcdatamodeld */; };
		4E7863731D3EA41800CD9B8B /* Pin+CoreDataProperties.swift in Sources */ = {isa = PBXBuildFile; fileRef = 4E7863711D3EA41800CD9B8B /* Pin+CoreDataProperties.swift */; };
		4E7863741D3EA41800CD9B8B /* Pin.swift in Sources */ = {isa = PBXBuildFile; fileRef = 4E7863721D3EA41800CD9B8B /* Pin.swift */; };
/* End PBXBuildFile section */

/* Begin PBXFileReference section */
		4E7863531D3E8CF000CD9B8B /* map-CoreData.app */ = {isa = PBXFileReference; explicitFileType = wrapper.application; includeInIndex = 0; path = "map-CoreData.app"; sourceTree = BUILT_PRODUCTS_DIR; };
		4E7863561D3E8CF100CD9B8B /* AppDelegate.swift */ = {isa = PBXFileReference; lastKnownFileType = sourcecode.swift; path = AppDelegate.swift; sourceTree = "<group>"; };
		4E7863581D3E8CF100CD9B8B /* ViewController.swift */ = {isa = PBXFileReference; lastKnownFileType = sourcecode.swift; path = ViewController.swift; sourceTree = "<group>"; };
		4E78635B1D3E8CF100CD9B8B /* Base */ = {isa = PBXFileReference; lastKnownFileType = file.storyboard; name = Base; path = Base.lproj/Main.storyboard; sourceTree = "<group>"; };
		4E78635D1D3E8CF100CD9B8B /* Assets.xcassets */ = {isa = PBXFileReference; lastKnownFileType = folder.assetcatalog; path = Assets.xcassets; sourceTree = "<group>"; };
		4E7863601D3E8CF100CD9B8B /* Base */ = {isa = PBXFileReference; lastKnownFileType = file.storyboard; name = Base; path = Base.lproj/LaunchScreen.storyboard; sourceTree = "<group>"; };
		4E7863621D3E8CF100CD9B8B /* Info.plist */ = {isa = PBXFileReference; lastKnownFileType = text.plist.xml; path = Info.plist; sourceTree = "<group>"; };
		4E7863691D3E924300CD9B8B /* TravelLocationsMapVC.swift */ = {isa = PBXFileReference; fileEncoding = 4; lastKnownFileType = sourcecode.swift; path = TravelLocationsMapVC.swift; sourceTree = "<group>"; };
		4E78636C1D3EA20D00CD9B8B /* CoreDataStack.swift */ = {isa = PBXFileReference; fileEncoding = 4; lastKnownFileType = sourcecode.swift; path = CoreDataStack.swift; sourceTree = "<group>"; };
		4E78636F1D3EA27800CD9B8B /* Model.xcdatamodel */ = {isa = PBXFileReference; lastKnownFileType = wrapper.xcdatamodel; path = Model.xcdatamodel; sourceTree = "<group>"; };
		4E7863711D3EA41800CD9B8B /* Pin+CoreDataProperties.swift */ = {isa = PBXFileReference; fileEncoding = 4; lastKnownFileType = sourcecode.swift; path = "Pin+CoreDataProperties.swift"; sourceTree = "<group>"; };
		4E7863721D3EA41800CD9B8B /* Pin.swift */ = {isa = PBXFileReference; fileEncoding = 4; lastKnownFileType = sourcecode.swift; path = Pin.swift; sourceTree = "<group>"; };
/* End PBXFileReference section */

/* Begin PBXFrameworksBuildPhase section */
		4E7863501D3E8CF000CD9B8B /* Frameworks */ = {
			isa = PBXFrameworksBuildPhase;
			buildActionMask = 2147483647;
			files = (
			);
			runOnlyForDeploymentPostprocessing = 0;
		};
/* End PBXFrameworksBuildPhase section */

/* Begin PBXGroup section */
		4E78634A1D3E8CF000CD9B8B = {
			isa = PBXGroup;
			children = (
				4E7863551D3E8CF100CD9B8B /* map-CoreData */,
				4E7863541D3E8CF000CD9B8B /* Products */,
			);
			sourceTree = "<group>";
		};
		4E7863541D3E8CF000CD9B8B /* Products */ = {
			isa = PBXGroup;
			children = (
				4E7863531D3E8CF000CD9B8B /* map-CoreData.app */,
			);
			name = Products;
			sourceTree = "<group>";
		};
		4E7863551D3E8CF100CD9B8B /* map-CoreData */ = {
			isa = PBXGroup;
			children = (
				4E7863561D3E8CF100CD9B8B /* AppDelegate.swift */,
				4E78636B1D3EA1C400CD9B8B /* Model */,
				4E7863681D3E920D00CD9B8B /* Controller */,
				4E7863581D3E8CF100CD9B8B /* ViewController.swift */,
				4E78635A1D3E8CF100CD9B8B /* Main.storyboard */,
				4E78635D1D3E8CF100CD9B8B /* Assets.xcassets */,
				4E78635F1D3E8CF100CD9B8B /* LaunchScreen.storyboard */,
				4E7863621D3E8CF100CD9B8B /* Info.plist */,
			);
			path = "map-CoreData";
			sourceTree = "<group>";
		};
		4E7863681D3E920D00CD9B8B /* Controller */ = {
			isa = PBXGroup;
			children = (
				4E7863691D3E924300CD9B8B /* TravelLocationsMapVC.swift */,
			);
			name = Controller;
			sourceTree = "<group>";
		};
		4E78636B1D3EA1C400CD9B8B /* Model */ = {
			isa = PBXGroup;
			children = (
				4E7863711D3EA41800CD9B8B /* Pin+CoreDataProperties.swift */,
				4E7863721D3EA41800CD9B8B /* Pin.swift */,
				4E78636C1D3EA20D00CD9B8B /* CoreDataStack.swift */,
				4E78636E1D3EA27800CD9B8B /* Model.xcdatamodeld */,
			);
			name = Model;
			sourceTree = "<group>";
		};
/* End PBXGroup section */

/* Begin PBXNativeTarget section */
		4E7863521D3E8CF000CD9B8B /* map-CoreData */ = {
			isa = PBXNativeTarget;
			buildConfigurationList = 4E7863651D3E8CF100CD9B8B /* Build configuration list for PBXNativeTarget "map-CoreData" */;
			buildPhases = (
				4E78634F1D3E8CF000CD9B8B /* Sources */,
				4E7863501D3E8CF000CD9B8B /* Frameworks */,
				4E7863511D3E8CF000CD9B8B /* Resources */,
			);
			buildRules = (
			);
			dependencies = (
			);
			name = "map-CoreData";
			productName = "map-CoreData";
			productReference = 4E7863531D3E8CF000CD9B8B /* map-CoreData.app */;
			productType = "com.apple.product-type.application";
		};
/* End PBXNativeTarget section */

/* Begin PBXProject section */
		4E78634B1D3E8CF000CD9B8B /* Project object */ = {
			isa = PBXProject;
			attributes = {
				LastSwiftUpdateCheck = 0730;
				LastUpgradeCheck = 0730;
				ORGANIZATIONNAME = "Daniel J Janiak";
				TargetAttributes = {
					4E7863521D3E8CF000CD9B8B = {
						CreatedOnToolsVersion = 7.3.1;
						DevelopmentTeam = C66PLD3WQ6;
					};
				};
			};
			buildConfigurationList = 4E78634E1D3E8CF000CD9B8B /* Build configuration list for PBXProject "map-CoreData" */;
			compatibilityVersion = "Xcode 3.2";
			developmentRegion = English;
			hasScannedForEncodings = 0;
			knownRegions = (
				en,
				Base,
			);
			mainGroup = 4E78634A1D3E8CF000CD9B8B;
			productRefGroup = 4E7863541D3E8CF000CD9B8B /* Products */;
			projectDirPath = "";
			projectRoot = "";
			targets = (
				4E7863521D3E8CF000CD9B8B /* map-CoreData */,
			);
		};
/* End PBXProject section */

/* Begin PBXResourcesBuildPhase section */
		4E7863511D3E8CF000CD9B8B /* Resources */ = {
			isa = PBXResourcesBuildPhase;
			buildActionMask = 2147483647;
			files = (
				4E7863611D3E8CF100CD9B8B /* LaunchScreen.storyboard in Resources */,
				4E78635E1D3E8CF100CD9B8B /* Assets.xcassets in Resources */,
				4E78635C1D3E8CF100CD9B8B /* Main.storyboard in Resources */,
			);
			runOnlyForDeploymentPostprocessing = 0;
		};
/* End PBXResourcesBuildPhase section */

/* Begin PBXSourcesBuildPhase section */
		4E78634F1D3E8CF000CD9B8B /* Sources */ = {
			isa = PBXSourcesBuildPhase;
			buildActionMask = 2147483647;
			files = (
				4E7863741D3EA41800CD9B8B /* Pin.swift in Sources */,
				4E7863591D3E8CF100CD9B8B /* ViewController.swift in Sources */,
				4E7863731D3EA41800CD9B8B /* Pin+CoreDataProperties.swift in Sources */,
				4E7863571D3E8CF100CD9B8B /* AppDelegate.swift in Sources */,
				4E7863701D3EA27800CD9B8B /* Model.xcdatamodeld in Sources */,
				4E78636A1D3E924300CD9B8B /* TravelLocationsMapVC.swift in Sources */,
				4E78636D1D3EA20D00CD9B8B /* CoreDataStack.swift in Sources */,
			);
			runOnlyForDeploymentPostprocessing = 0;
		};
/* End PBXSourcesBuildPhase section */

/* Begin PBXVariantGroup section */
		4E78635A1D3E8CF100CD9B8B /* Main.storyboard */ = {
			isa = PBXVariantGroup;
			children = (
				4E78635B1D3E8CF100CD9B8B /* Base */,
			);
			name = Main.storyboard;
			sourceTree = "<group>";
		};
		4E78635F1D3E8CF100CD9B8B /* LaunchScreen.storyboard */ = {
			isa = PBXVariantGroup;
			children = (
				4E7863601D3E8CF100CD9B8B /* Base */,
			);
			name = LaunchScreen.storyboard;
			sourceTree = "<group>";
		};
/* End PBXVariantGroup section */

/* Begin XCBuildConfiguration section */
		4E7863631D3E8CF100CD9B8B /* Debug */ = {
			isa = XCBuildConfiguration;
			buildSettings = {
				ALWAYS_SEARCH_USER_PATHS = NO;
				CLANG_ANALYZER_NONNULL = YES;
				CLANG_CXX_LANGUAGE_STANDARD = "gnu++0x";
				CLANG_CXX_LIBRARY = "libc++";
				CLANG_ENABLE_MODULES = YES;
				CLANG_ENABLE_OBJC_ARC = YES;
				CLANG_WARN_BOOL_CONVERSION = YES;
				CLANG_WARN_CONSTANT_CONVERSION = YES;
				CLANG_WARN_DIRECT_OBJC_ISA_USAGE = YES_ERROR;
				CLANG_WARN_EMPTY_BODY = YES;
				CLANG_WARN_ENUM_CONVERSION = YES;
				CLANG_WARN_INT_CONVERSION = YES;
				CLANG_WARN_OBJC_ROOT_CLASS = YES_ERROR;
				CLANG_WARN_UNREACHABLE_CODE = YES;
				CLANG_WARN__DUPLICATE_METHOD_MATCH = YES;
				"CODE_SIGN_IDENTITY[sdk=iphoneos*]" = "iPhone Developer";
				COPY_PHASE_STRIP = NO;
				DEBUG_INFORMATION_FORMAT = dwarf;
				ENABLE_STRICT_OBJC_MSGSEND = YES;
				ENABLE_TESTABILITY = YES;
				GCC_C_LANGUAGE_STANDARD = gnu99;
				GCC_DYNAMIC_NO_PIC = NO;
				GCC_NO_COMMON_BLOCKS = YES;
				GCC_OPTIMIZATION_LEVEL = 0;
				GCC_PREPROCESSOR_DEFINITIONS = (
					"DEBUG=1",
					"$(inherited)",
				);
				GCC_WARN_64_TO_32_BIT_CONVERSION = YES;
				GCC_WARN_ABOUT_RETURN_TYPE = YES_ERROR;
				GCC_WARN_UNDECLARED_SELECTOR = YES;
				GCC_WARN_UNINITIALIZED_AUTOS = YES_AGGRESSIVE;
				GCC_WARN_UNUSED_FUNCTION = YES;
				GCC_WARN_UNUSED_VARIABLE = YES;
				IPHONEOS_DEPLOYMENT_TARGET = 9.3;
				MTL_ENABLE_DEBUG_INFO = YES;
				ONLY_ACTIVE_ARCH = YES;
				SDKROOT = iphoneos;
				SWIFT_OPTIMIZATION_LEVEL = "-Onone";
			};
			name = Debug;
		};
		4E7863641D3E8CF100CD9B8B /* Release */ = {
			isa = XCBuildConfiguration;
			buildSettings = {
				ALWAYS_SEARCH_USER_PATHS = NO;
				CLANG_ANALYZER_NONNULL = YES;
				CLANG_CXX_LANGUAGE_STANDARD = "gnu++0x";
				CLANG_CXX_LIBRARY = "libc++";
				CLANG_ENABLE_MODULES = YES;
				CLANG_ENABLE_OBJC_ARC = YES;
				CLANG_WARN_BOOL_CONVERSION = YES;
				CLANG_WARN_CONSTANT_CONVERSION = YES;
				CLANG_WARN_DIRECT_OBJC_ISA_USAGE = YES_ERROR;
				CLANG_WARN_EMPTY_BODY = YES;
				CLANG_WARN_ENUM_CONVERSION = YES;
				CLANG_WARN_INT_CONVERSION = YES;
				CLANG_WARN_OBJC_ROOT_CLASS = YES_ERROR;
				CLANG_WARN_UNREACHABLE_CODE = YES;
				CLANG_WARN__DUPLICATE_METHOD_MATCH = YES;
				"CODE_SIGN_IDENTITY[sdk=iphoneos*]" = "iPhone Developer";
				COPY_PHASE_STRIP = NO;
				DEBUG_INFORMATION_FORMAT = "dwarf-with-dsym";
				ENABLE_NS_ASSERTIONS = NO;
				ENABLE_STRICT_OBJC_MSGSEND = YES;
				GCC_C_LANGUAGE_STANDARD = gnu99;
				GCC_NO_COMMON_BLOCKS = YES;
				GCC_WARN_64_TO_32_BIT_CONVERSION = YES;
				GCC_WARN_ABOUT_RETURN_TYPE = YES_ERROR;
				GCC_WARN_UNDECLARED_SELECTOR = YES;
				GCC_WARN_UNINITIALIZED_AUTOS = YES_AGGRESSIVE;
				GCC_WARN_UNUSED_FUNCTION = YES;
				GCC_WARN_UNUSED_VARIABLE = YES;
				IPHONEOS_DEPLOYMENT_TARGET = 9.3;
				MTL_ENABLE_DEBUG_INFO = NO;
				SDKROOT = iphoneos;
				VALIDATE_PRODUCT = YES;
			};
			name = Release;
		};
		4E7863661D3E8CF100CD9B8B /* Debug */ = {
			isa = XCBuildConfiguration;
			buildSettings = {
				ASSETCATALOG_COMPILER_APPICON_NAME = AppIcon;
				INFOPLIST_FILE = "map-CoreData/Info.plist";
				LD_RUNPATH_SEARCH_PATHS = "$(inherited) @executable_path/Frameworks";
				PRODUCT_BUNDLE_IDENTIFIER = "None0719.map-CoreData";
				PRODUCT_NAME = "$(TARGET_NAME)";
			};
			name = Debug;
		};
		4E7863671D3E8CF100CD9B8B /* Release */ = {
			isa = XCBuildConfiguration;
			buildSettings = {
				ASSETCATALOG_COMPILER_APPICON_NAME = AppIcon;
				INFOPLIST_FILE = "map-CoreData/Info.plist";
				LD_RUNPATH_SEARCH_PATHS = "$(inherited) @executable_path/Frameworks";
				PRODUCT_BUNDLE_IDENTIFIER = "None0719.map-CoreData";
				PRODUCT_NAME = "$(TARGET_NAME)";
			};
			name = Release;
		};
/* End XCBuildConfiguration section */

/* Begin XCConfigurationList section */
		4E78634E1D3E8CF000CD9B8B /* Build configuration list for PBXProject "map-CoreData" */ = {
			isa = XCConfigurationList;
			buildConfigurations = (
				4E7863631D3E8CF100CD9B8B /* Debug */,
				4E7863641D3E8CF100CD9B8B /* Release */,
			);
			defaultConfigurationIsVisible = 0;
			defaultConfigurationName = Release;
		};
		4E7863651D3E8CF100CD9B8B /* Build configuration list for PBXNativeTarget "map-CoreData" */ = {
			isa = XCConfigurationList;
			buildConfigurations = (
				4E7863661D3E8CF100CD9B8B /* Debug */,
				4E7863671D3E8CF100CD9B8B /* Release */,
			);
			defaultConfigurationIsVisible = 0;
		};
/* End XCConfigurationList section */

/* Begin XCVersionGroup section */
		4E78636E1D3EA27800CD9B8B /* Model.xcdatamodeld */ = {
			isa = XCVersionGroup;
			children = (
				4E78636F1D3EA27800CD9B8B /* Model.xcdatamodel */,
			);
			currentVersion = 4E78636F1D3EA27800CD9B8B /* Model.xcdatamodel */;
			path = Model.xcdatamodeld;
			sourceTree = "<group>";
			versionGroupType = wrapper.xcdatamodel;
		};
/* End XCVersionGroup section */
	};
	rootObject = 4E78634B1D3E8CF000CD9B8B /* Project object */;
}
